// !$*UTF8*$!
{
	archiveVersion = 1;
	classes = {
	};
	objectVersion = 50;
	objects = {

/* Begin PBXBuildFile section */
		0488E18C269DF72400E79622 /* Parser.swift in Sources */ = {isa = PBXBuildFile; fileRef = 0488E18B269DF72400E79622 /* Parser.swift */; };
		0488E1A7269DFAFF00E79622 /* JSON.json in Resources */ = {isa = PBXBuildFile; fileRef = 0488E1A6269DFAFF00E79622 /* JSON.json */; };
		810EEB762682424000508D39 /* AppDelegate.swift in Sources */ = {isa = PBXBuildFile; fileRef = 810EEB752682424000508D39 /* AppDelegate.swift */; };
		810EEB782682424000508D39 /* SceneDelegate.swift in Sources */ = {isa = PBXBuildFile; fileRef = 810EEB772682424000508D39 /* SceneDelegate.swift */; };
		810EEB7A2682424000508D39 /* ViewController.swift in Sources */ = {isa = PBXBuildFile; fileRef = 810EEB792682424000508D39 /* ViewController.swift */; };
		810EEB7D2682424000508D39 /* Main.storyboard in Resources */ = {isa = PBXBuildFile; fileRef = 810EEB7B2682424000508D39 /* Main.storyboard */; };
		810EEB7F2682424200508D39 /* Assets.xcassets in Resources */ = {isa = PBXBuildFile; fileRef = 810EEB7E2682424200508D39 /* Assets.xcassets */; };
		810EEB822682424200508D39 /* LaunchScreen.storyboard in Resources */ = {isa = PBXBuildFile; fileRef = 810EEB802682424200508D39 /* LaunchScreen.storyboard */; };
		810EEB8D2682424200508D39 /* MonckeysTests.swift in Sources */ = {isa = PBXBuildFile; fileRef = 810EEB8C2682424200508D39 /* MonckeysTests.swift */; };
		810EEB982682424200508D39 /* MonckeysUITests.swift in Sources */ = {isa = PBXBuildFile; fileRef = 810EEB972682424200508D39 /* MonckeysUITests.swift */; };
		810EEBB32682454800508D39 /* Monkeys .swift in Sources */ = {isa = PBXBuildFile; fileRef = 810EEBB22682454800508D39 /* Monkeys .swift */; };
/* End PBXBuildFile section */

/* Begin PBXContainerItemProxy section */
		810EEB892682424200508D39 /* PBXContainerItemProxy */ = {
			isa = PBXContainerItemProxy;
			containerPortal = 810EEB6A2682424000508D39 /* Project object */;
			proxyType = 1;
			remoteGlobalIDString = 810EEB712682424000508D39;
			remoteInfo = Monckeys;
		};
		810EEB942682424200508D39 /* PBXContainerItemProxy */ = {
			isa = PBXContainerItemProxy;
			containerPortal = 810EEB6A2682424000508D39 /* Project object */;
			proxyType = 1;
			remoteGlobalIDString = 810EEB712682424000508D39;
			remoteInfo = Monckeys;
		};
/* End PBXContainerItemProxy section */

/* Begin PBXFileReference section */
		0488E18B269DF72400E79622 /* Parser.swift */ = {isa = PBXFileReference; fileEncoding = 4; lastKnownFileType = sourcecode.swift; path = Parser.swift; sourceTree = "<group>"; };
		0488E1A6269DFAFF00E79622 /* JSON.json */ = {isa = PBXFileReference; fileEncoding = 4; lastKnownFileType = text.json; name = JSON.json; path = ../../../../var/folders/0_/st3g6bwn0k56fbmkbzqqkvyc0000gn/T/ru.keepcoder.Telegram/JSON.json; sourceTree = "<group>"; };
		810EEB722682424000508D39 /* Monckeys.app */ = {isa = PBXFileReference; explicitFileType = wrapper.application; includeInIndex = 0; path = Monckeys.app; sourceTree = BUILT_PRODUCTS_DIR; };
		810EEB752682424000508D39 /* AppDelegate.swift */ = {isa = PBXFileReference; lastKnownFileType = sourcecode.swift; path = AppDelegate.swift; sourceTree = "<group>"; };
		810EEB772682424000508D39 /* SceneDelegate.swift */ = {isa = PBXFileReference; lastKnownFileType = sourcecode.swift; path = SceneDelegate.swift; sourceTree = "<group>"; };
		810EEB792682424000508D39 /* ViewController.swift */ = {isa = PBXFileReference; lastKnownFileType = sourcecode.swift; path = ViewController.swift; sourceTree = "<group>"; };
		810EEB7C2682424000508D39 /* Base */ = {isa = PBXFileReference; lastKnownFileType = file.storyboard; name = Base; path = Base.lproj/Main.storyboard; sourceTree = "<group>"; };
		810EEB7E2682424200508D39 /* Assets.xcassets */ = {isa = PBXFileReference; lastKnownFileType = folder.assetcatalog; path = Assets.xcassets; sourceTree = "<group>"; };
		810EEB812682424200508D39 /* Base */ = {isa = PBXFileReference; lastKnownFileType = file.storyboard; name = Base; path = Base.lproj/LaunchScreen.storyboard; sourceTree = "<group>"; };
		810EEB832682424200508D39 /* Info.plist */ = {isa = PBXFileReference; lastKnownFileType = text.plist.xml; path = Info.plist; sourceTree = "<group>"; };
		810EEB882682424200508D39 /* MonckeysTests.xctest */ = {isa = PBXFileReference; explicitFileType = wrapper.cfbundle; includeInIndex = 0; path = MonckeysTests.xctest; sourceTree = BUILT_PRODUCTS_DIR; };
		810EEB8C2682424200508D39 /* MonckeysTests.swift */ = {isa = PBXFileReference; lastKnownFileType = sourcecode.swift; path = MonckeysTests.swift; sourceTree = "<group>"; };
		810EEB8E2682424200508D39 /* Info.plist */ = {isa = PBXFileReference; lastKnownFileType = text.plist.xml; path = Info.plist; sourceTree = "<group>"; };
		810EEB932682424200508D39 /* MonckeysUITests.xctest */ = {isa = PBXFileReference; explicitFileType = wrapper.cfbundle; includeInIndex = 0; path = MonckeysUITests.xctest; sourceTree = BUILT_PRODUCTS_DIR; };
		810EEB972682424200508D39 /* MonckeysUITests.swift */ = {isa = PBXFileReference; lastKnownFileType = sourcecode.swift; path = MonckeysUITests.swift; sourceTree = "<group>"; };
		810EEB992682424200508D39 /* Info.plist */ = {isa = PBXFileReference; lastKnownFileType = text.plist.xml; path = Info.plist; sourceTree = "<group>"; };
		810EEBB22682454800508D39 /* Monkeys .swift */ = {isa = PBXFileReference; lastKnownFileType = sourcecode.swift; path = "Monkeys .swift"; sourceTree = "<group>"; };
/* End PBXFileReference section */

/* Begin PBXFrameworksBuildPhase section */
		810EEB6F2682424000508D39 /* Frameworks */ = {
			isa = PBXFrameworksBuildPhase;
			buildActionMask = 2147483647;
			files = (
			);
			runOnlyForDeploymentPostprocessing = 0;
		};
		810EEB852682424200508D39 /* Frameworks */ = {
			isa = PBXFrameworksBuildPhase;
			buildActionMask = 2147483647;
			files = (
			);
			runOnlyForDeploymentPostprocessing = 0;
		};
		810EEB902682424200508D39 /* Frameworks */ = {
			isa = PBXFrameworksBuildPhase;
			buildActionMask = 2147483647;
			files = (
			);
			runOnlyForDeploymentPostprocessing = 0;
		};
/* End PBXFrameworksBuildPhase section */

/* Begin PBXGroup section */
		810EEB692682424000508D39 = {
			isa = PBXGroup;
			children = (
				810EEB742682424000508D39 /* Monckeys */,
				810EEB8B2682424200508D39 /* MonckeysTests */,
				810EEB962682424200508D39 /* MonckeysUITests */,
				810EEB732682424000508D39 /* Products */,
			);
			sourceTree = "<group>";
		};
		810EEB732682424000508D39 /* Products */ = {
			isa = PBXGroup;
			children = (
				810EEB722682424000508D39 /* Monckeys.app */,
				810EEB882682424200508D39 /* MonckeysTests.xctest */,
				810EEB932682424200508D39 /* MonckeysUITests.xctest */,
			);
			name = Products;
			sourceTree = "<group>";
		};
		810EEB742682424000508D39 /* Monckeys */ = {
			isa = PBXGroup;
			children = (
				0488E1A6269DFAFF00E79622 /* JSON.json */,
				0488E18B269DF72400E79622 /* Parser.swift */,
				810EEBB22682454800508D39 /* Monkeys .swift */,
				810EEB7E2682424200508D39 /* Assets.xcassets */,
				810EEB752682424000508D39 /* AppDelegate.swift */,
				810EEB772682424000508D39 /* SceneDelegate.swift */,
				810EEB792682424000508D39 /* ViewController.swift */,
				810EEB7B2682424000508D39 /* Main.storyboard */,
				810EEB802682424200508D39 /* LaunchScreen.storyboard */,
				810EEB832682424200508D39 /* Info.plist */,
			);
			path = Monckeys;
			sourceTree = "<group>";
		};
		810EEB8B2682424200508D39 /* MonckeysTests */ = {
			isa = PBXGroup;
			children = (
				810EEB8C2682424200508D39 /* MonckeysTests.swift */,
				810EEB8E2682424200508D39 /* Info.plist */,
			);
			path = MonckeysTests;
			sourceTree = "<group>";
		};
		810EEB962682424200508D39 /* MonckeysUITests */ = {
			isa = PBXGroup;
			children = (
				810EEB972682424200508D39 /* MonckeysUITests.swift */,
				810EEB992682424200508D39 /* Info.plist */,
			);
			path = MonckeysUITests;
			sourceTree = "<group>";
		};
/* End PBXGroup section */

/* Begin PBXNativeTarget section */
		810EEB712682424000508D39 /* Monckeys */ = {
			isa = PBXNativeTarget;
			buildConfigurationList = 810EEB9C2682424200508D39 /* Build configuration list for PBXNativeTarget "Monckeys" */;
			buildPhases = (
				810EEB6E2682424000508D39 /* Sources */,
				810EEB6F2682424000508D39 /* Frameworks */,
				810EEB702682424000508D39 /* Resources */,
			);
			buildRules = (
			);
			dependencies = (
			);
			name = Monckeys;
			productName = Monckeys;
			productReference = 810EEB722682424000508D39 /* Monckeys.app */;
			productType = "com.apple.product-type.application";
		};
		810EEB872682424200508D39 /* MonckeysTests */ = {
			isa = PBXNativeTarget;
			buildConfigurationList = 810EEB9F2682424200508D39 /* Build configuration list for PBXNativeTarget "MonckeysTests" */;
			buildPhases = (
				810EEB842682424200508D39 /* Sources */,
				810EEB852682424200508D39 /* Frameworks */,
				810EEB862682424200508D39 /* Resources */,
			);
			buildRules = (
			);
			dependencies = (
				810EEB8A2682424200508D39 /* PBXTargetDependency */,
			);
			name = MonckeysTests;
			productName = MonckeysTests;
			productReference = 810EEB882682424200508D39 /* MonckeysTests.xctest */;
			productType = "com.apple.product-type.bundle.unit-test";
		};
		810EEB922682424200508D39 /* MonckeysUITests */ = {
			isa = PBXNativeTarget;
			buildConfigurationList = 810EEBA22682424200508D39 /* Build configuration list for PBXNativeTarget "MonckeysUITests" */;
			buildPhases = (
				810EEB8F2682424200508D39 /* Sources */,
				810EEB902682424200508D39 /* Frameworks */,
				810EEB912682424200508D39 /* Resources */,
			);
			buildRules = (
			);
			dependencies = (
				810EEB952682424200508D39 /* PBXTargetDependency */,
			);
			name = MonckeysUITests;
			productName = MonckeysUITests;
			productReference = 810EEB932682424200508D39 /* MonckeysUITests.xctest */;
			productType = "com.apple.product-type.bundle.ui-testing";
		};
/* End PBXNativeTarget section */

/* Begin PBXProject section */
		810EEB6A2682424000508D39 /* Project object */ = {
			isa = PBXProject;
			attributes = {
				LastSwiftUpdateCheck = 1240;
				LastUpgradeCheck = 1240;
				TargetAttributes = {
					810EEB712682424000508D39 = {
						CreatedOnToolsVersion = 12.4;
					};
					810EEB872682424200508D39 = {
						CreatedOnToolsVersion = 12.4;
						TestTargetID = 810EEB712682424000508D39;
					};
					810EEB922682424200508D39 = {
						CreatedOnToolsVersion = 12.4;
						TestTargetID = 810EEB712682424000508D39;
					};
				};
			};
			buildConfigurationList = 810EEB6D2682424000508D39 /* Build configuration list for PBXProject "Monckeys" */;
			compatibilityVersion = "Xcode 9.3";
			developmentRegion = en;
			hasScannedForEncodings = 0;
			knownRegions = (
				en,
				Base,
			);
			mainGroup = 810EEB692682424000508D39;
			productRefGroup = 810EEB732682424000508D39 /* Products */;
			projectDirPath = "";
			projectRoot = "";
			targets = (
				810EEB712682424000508D39 /* Monckeys */,
				810EEB872682424200508D39 /* MonckeysTests */,
				810EEB922682424200508D39 /* MonckeysUITests */,
			);
		};
/* End PBXProject section */

/* Begin PBXResourcesBuildPhase section */
		810EEB702682424000508D39 /* Resources */ = {
			isa = PBXResourcesBuildPhase;
			buildActionMask = 2147483647;
			files = (
				810EEB822682424200508D39 /* LaunchScreen.storyboard in Resources */,
				810EEB7F2682424200508D39 /* Assets.xcassets in Resources */,
				810EEB7D2682424000508D39 /* Main.storyboard in Resources */,
				0488E1A7269DFAFF00E79622 /* JSON.json in Resources */,
			);
			runOnlyForDeploymentPostprocessing = 0;
		};
		810EEB862682424200508D39 /* Resources */ = {
			isa = PBXResourcesBuildPhase;
			buildActionMask = 2147483647;
			files = (
			);
			runOnlyForDeploymentPostprocessing = 0;
		};
		810EEB912682424200508D39 /* Resources */ = {
			isa = PBXResourcesBuildPhase;
			buildActionMask = 2147483647;
			files = (
			);
			runOnlyForDeploymentPostprocessing = 0;
		};
/* End PBXResourcesBuildPhase section */

/* Begin PBXSourcesBuildPhase section */
		810EEB6E2682424000508D39 /* Sources */ = {
			isa = PBXSourcesBuildPhase;
			buildActionMask = 2147483647;
			files = (
				810EEB7A2682424000508D39 /* ViewController.swift in Sources */,
				0488E18C269DF72400E79622 /* Parser.swift in Sources */,
				810EEBB32682454800508D39 /* Monkeys .swift in Sources */,
				810EEB762682424000508D39 /* AppDelegate.swift in Sources */,
				810EEB782682424000508D39 /* SceneDelegate.swift in Sources */,
			);
			runOnlyForDeploymentPostprocessing = 0;
		};
		810EEB842682424200508D39 /* Sources */ = {
			isa = PBXSourcesBuildPhase;
			buildActionMask = 2147483647;
			files = (
				810EEB8D2682424200508D39 /* MonckeysTests.swift in Sources */,
			);
			runOnlyForDeploymentPostprocessing = 0;
		};
		810EEB8F2682424200508D39 /* Sources */ = {
			isa = PBXSourcesBuildPhase;
			buildActionMask = 2147483647;
			files = (
				810EEB982682424200508D39 /* MonckeysUITests.swift in Sources */,
			);
			runOnlyForDeploymentPostprocessing = 0;
		};
/* End PBXSourcesBuildPhase section */

/* Begin PBXTargetDependency section */
		810EEB8A2682424200508D39 /* PBXTargetDependency */ = {
			isa = PBXTargetDependency;
			target = 810EEB712682424000508D39 /* Monckeys */;
			targetProxy = 810EEB892682424200508D39 /* PBXContainerItemProxy */;
		};
		810EEB952682424200508D39 /* PBXTargetDependency */ = {
			isa = PBXTargetDependency;
			target = 810EEB712682424000508D39 /* Monckeys */;
			targetProxy = 810EEB942682424200508D39 /* PBXContainerItemProxy */;
		};
/* End PBXTargetDependency section */

/* Begin PBXVariantGroup section */
		810EEB7B2682424000508D39 /* Main.storyboard */ = {
			isa = PBXVariantGroup;
			children = (
				810EEB7C2682424000508D39 /* Base */,
			);
			name = Main.storyboard;
			sourceTree = "<group>";
		};
		810EEB802682424200508D39 /* LaunchScreen.storyboard */ = {
			isa = PBXVariantGroup;
			children = (
				810EEB812682424200508D39 /* Base */,
			);
			name = LaunchScreen.storyboard;
			sourceTree = "<group>";
		};
/* End PBXVariantGroup section */

/* Begin XCBuildConfiguration section */
		810EEB9A2682424200508D39 /* Debug */ = {
			isa = XCBuildConfiguration;
			buildSettings = {
				ALWAYS_SEARCH_USER_PATHS = NO;
				CLANG_ANALYZER_NONNULL = YES;
				CLANG_ANALYZER_NUMBER_OBJECT_CONVERSION = YES_AGGRESSIVE;
				CLANG_CXX_LANGUAGE_STANDARD = "gnu++14";
				CLANG_CXX_LIBRARY = "libc++";
				CLANG_ENABLE_MODULES = YES;
				CLANG_ENABLE_OBJC_ARC = YES;
				CLANG_ENABLE_OBJC_WEAK = YES;
				CLANG_WARN_BLOCK_CAPTURE_AUTORELEASING = YES;
				CLANG_WARN_BOOL_CONVERSION = YES;
				CLANG_WARN_COMMA = YES;
				CLANG_WARN_CONSTANT_CONVERSION = YES;
				CLANG_WARN_DEPRECATED_OBJC_IMPLEMENTATIONS = YES;
				CLANG_WARN_DIRECT_OBJC_ISA_USAGE = YES_ERROR;
				CLANG_WARN_DOCUMENTATION_COMMENTS = YES;
				CLANG_WARN_EMPTY_BODY = YES;
				CLANG_WARN_ENUM_CONVERSION = YES;
				CLANG_WARN_INFINITE_RECURSION = YES;
				CLANG_WARN_INT_CONVERSION = YES;
				CLANG_WARN_NON_LITERAL_NULL_CONVERSION = YES;
				CLANG_WARN_OBJC_IMPLICIT_RETAIN_SELF = YES;
				CLANG_WARN_OBJC_LITERAL_CONVERSION = YES;
				CLANG_WARN_OBJC_ROOT_CLASS = YES_ERROR;
				CLANG_WARN_QUOTED_INCLUDE_IN_FRAMEWORK_HEADER = YES;
				CLANG_WARN_RANGE_LOOP_ANALYSIS = YES;
				CLANG_WARN_STRICT_PROTOTYPES = YES;
				CLANG_WARN_SUSPICIOUS_MOVE = YES;
				CLANG_WARN_UNGUARDED_AVAILABILITY = YES_AGGRESSIVE;
				CLANG_WARN_UNREACHABLE_CODE = YES;
				CLANG_WARN__DUPLICATE_METHOD_MATCH = YES;
				COPY_PHASE_STRIP = NO;
				DEBUG_INFORMATION_FORMAT = dwarf;
				ENABLE_STRICT_OBJC_MSGSEND = YES;
				ENABLE_TESTABILITY = YES;
				GCC_C_LANGUAGE_STANDARD = gnu11;
				GCC_DYNAMIC_NO_PIC = NO;
				GCC_NO_COMMON_BLOCKS = YES;
				GCC_OPTIMIZATION_LEVEL = 0;
				GCC_PREPROCESSOR_DEFINITIONS = (
					"DEBUG=1",
					"$(inherited)",
				);
				GCC_WARN_64_TO_32_BIT_CONVERSION = YES;
				GCC_WARN_ABOUT_RETURN_TYPE = YES_ERROR;
				GCC_WARN_UNDECLARED_SELECTOR = YES;
				GCC_WARN_UNINITIALIZED_AUTOS = YES_AGGRESSIVE;
				GCC_WARN_UNUSED_FUNCTION = YES;
				GCC_WARN_UNUSED_VARIABLE = YES;
				IPHONEOS_DEPLOYMENT_TARGET = 14.4;
				MTL_ENABLE_DEBUG_INFO = INCLUDE_SOURCE;
				MTL_FAST_MATH = YES;
				ONLY_ACTIVE_ARCH = YES;
				SDKROOT = iphoneos;
				SWIFT_ACTIVE_COMPILATION_CONDITIONS = DEBUG;
				SWIFT_OPTIMIZATION_LEVEL = "-Onone";
			};
			name = Debug;
		};
		810EEB9B2682424200508D39 /* Release */ = {
			isa = XCBuildConfiguration;
			buildSettings = {
				ALWAYS_SEARCH_USER_PATHS = NO;
				CLANG_ANALYZER_NONNULL = YES;
				CLANG_ANALYZER_NUMBER_OBJECT_CONVERSION = YES_AGGRESSIVE;
				CLANG_CXX_LANGUAGE_STANDARD = "gnu++14";
				CLANG_CXX_LIBRARY = "libc++";
				CLANG_ENABLE_MODULES = YES;
				CLANG_ENABLE_OBJC_ARC = YES;
				CLANG_ENABLE_OBJC_WEAK = YES;
				CLANG_WARN_BLOCK_CAPTURE_AUTORELEASING = YES;
				CLANG_WARN_BOOL_CONVERSION = YES;
				CLANG_WARN_COMMA = YES;
				CLANG_WARN_CONSTANT_CONVERSION = YES;
				CLANG_WARN_DEPRECATED_OBJC_IMPLEMENTATIONS = YES;
				CLANG_WARN_DIRECT_OBJC_ISA_USAGE = YES_ERROR;
				CLANG_WARN_DOCUMENTATION_COMMENTS = YES;
				CLANG_WARN_EMPTY_BODY = YES;
				CLANG_WARN_ENUM_CONVERSION = YES;
				CLANG_WARN_INFINITE_RECURSION = YES;
				CLANG_WARN_INT_CONVERSION = YES;
				CLANG_WARN_NON_LITERAL_NULL_CONVERSION = YES;
				CLANG_WARN_OBJC_IMPLICIT_RETAIN_SELF = YES;
				CLANG_WARN_OBJC_LITERAL_CONVERSION = YES;
				CLANG_WARN_OBJC_ROOT_CLASS = YES_ERROR;
				CLANG_WARN_QUOTED_INCLUDE_IN_FRAMEWORK_HEADER = YES;
				CLANG_WARN_RANGE_LOOP_ANALYSIS = YES;
				CLANG_WARN_STRICT_PROTOTYPES = YES;
				CLANG_WARN_SUSPICIOUS_MOVE = YES;
				CLANG_WARN_UNGUARDED_AVAILABILITY = YES_AGGRESSIVE;
				CLANG_WARN_UNREACHABLE_CODE = YES;
				CLANG_WARN__DUPLICATE_METHOD_MATCH = YES;
				COPY_PHASE_STRIP = NO;
				DEBUG_INFORMATION_FORMAT = "dwarf-with-dsym";
				ENABLE_NS_ASSERTIONS = NO;
				ENABLE_STRICT_OBJC_MSGSEND = YES;
				GCC_C_LANGUAGE_STANDARD = gnu11;
				GCC_NO_COMMON_BLOCKS = YES;
				GCC_WARN_64_TO_32_BIT_CONVERSION = YES;
				GCC_WARN_ABOUT_RETURN_TYPE = YES_ERROR;
				GCC_WARN_UNDECLARED_SELECTOR = YES;
				GCC_WARN_UNINITIALIZED_AUTOS = YES_AGGRESSIVE;
				GCC_WARN_UNUSED_FUNCTION = YES;
				GCC_WARN_UNUSED_VARIABLE = YES;
				IPHONEOS_DEPLOYMENT_TARGET = 14.4;
				MTL_ENABLE_DEBUG_INFO = NO;
				MTL_FAST_MATH = YES;
				SDKROOT = iphoneos;
				SWIFT_COMPILATION_MODE = wholemodule;
				SWIFT_OPTIMIZATION_LEVEL = "-O";
				VALIDATE_PRODUCT = YES;
			};
			name = Release;
		};
		810EEB9D2682424200508D39 /* Debug */ = {
			isa = XCBuildConfiguration;
			buildSettings = {
				ASSETCATALOG_COMPILER_APPICON_NAME = AppIcon;
				ASSETCATALOG_COMPILER_GLOBAL_ACCENT_COLOR_NAME = AccentColor;
				CODE_SIGN_STYLE = Automatic;
				INFOPLIST_FILE = Monckeys/Info.plist;
				LD_RUNPATH_SEARCH_PATHS = (
					"$(inherited)",
					"@executable_path/Frameworks",
				);
				PRODUCT_BUNDLE_IDENTIFIER = com.lilia.Monckeys;
				PRODUCT_NAME = "$(TARGET_NAME)";
				SWIFT_VERSION = 5.0;
				TARGETED_DEVICE_FAMILY = "1,2";
			};
			name = Debug;
		};
		810EEB9E2682424200508D39 /* Release */ = {
			isa = XCBuildConfiguration;
			buildSettings = {
				ASSETCATALOG_COMPILER_APPICON_NAME = AppIcon;
				ASSETCATALOG_COMPILER_GLOBAL_ACCENT_COLOR_NAME = AccentColor;
				CODE_SIGN_STYLE = Automatic;
				INFOPLIST_FILE = Monckeys/Info.plist;
				LD_RUNPATH_SEARCH_PATHS = (
					"$(inherited)",
					"@executable_path/Frameworks",
				);
				PRODUCT_BUNDLE_IDENTIFIER = com.lilia.Monckeys;
				PRODUCT_NAME = "$(TARGET_NAME)";
				SWIFT_VERSION = 5.0;
				TARGETED_DEVICE_FAMILY = "1,2";
			};
			name = Release;
		};
		810EEBA02682424200508D39 /* Debug */ = {
			isa = XCBuildConfiguration;
			buildSettings = {
				ALWAYS_EMBED_SWIFT_STANDARD_LIBRARIES = YES;
				BUNDLE_LOADER = "$(TEST_HOST)";
				CODE_SIGN_STYLE = Automatic;
				INFOPLIST_FILE = MonckeysTests/Info.plist;
				IPHONEOS_DEPLOYMENT_TARGET = 14.4;
				LD_RUNPATH_SEARCH_PATHS = (
					"$(inherited)",
					"@executable_path/Frameworks",
					"@loader_path/Frameworks",
				);
				PRODUCT_BUNDLE_IDENTIFIER = com.lilia.MonckeysTests;
				PRODUCT_NAME = "$(TARGET_NAME)";
				SWIFT_VERSION = 5.0;
				TARGETED_DEVICE_FAMILY = "1,2";
				TEST_HOST = "$(BUILT_PRODUCTS_DIR)/Monckeys.app/Monckeys";
			};
			name = Debug;
		};
		810EEBA12682424200508D39 /* Release */ = {
			isa = XCBuildConfiguration;
			buildSettings = {
				ALWAYS_EMBED_SWIFT_STANDARD_LIBRARIES = YES;
				BUNDLE_LOADER = "$(TEST_HOST)";
				CODE_SIGN_STYLE = Automatic;
				INFOPLIST_FILE = MonckeysTests/Info.plist;
				IPHONEOS_DEPLOYMENT_TARGET = 14.4;
				LD_RUNPATH_SEARCH_PATHS = (
					"$(inherited)",
					"@executable_path/Frameworks",
					"@loader_path/Frameworks",
				);
				PRODUCT_BUNDLE_IDENTIFIER = com.lilia.MonckeysTests;
				PRODUCT_NAME = "$(TARGET_NAME)";
				SWIFT_VERSION = 5.0;
				TARGETED_DEVICE_FAMILY = "1,2";
				TEST_HOST = "$(BUILT_PRODUCTS_DIR)/Monckeys.app/Monckeys";
			};
			name = Release;
		};
		810EEBA32682424200508D39 /* Debug */ = {
			isa = XCBuildConfiguration;
			buildSettings = {
				ALWAYS_EMBED_SWIFT_STANDARD_LIBRARIES = YES;
				CODE_SIGN_STYLE = Automatic;
				INFOPLIST_FILE = MonckeysUITests/Info.plist;
				LD_RUNPATH_SEARCH_PATHS = (
					"$(inherited)",
					"@executable_path/Frameworks",
					"@loader_path/Frameworks",
				);
				PRODUCT_BUNDLE_IDENTIFIER = com.lilia.MonckeysUITests;
				PRODUCT_NAME = "$(TARGET_NAME)";
				SWIFT_VERSION = 5.0;
				TARGETED_DEVICE_FAMILY = "1,2";
				TEST_TARGET_NAME = Monckeys;
			};
			name = Debug;
		};
		810EEBA42682424200508D39 /* Release */ = {
			isa = XCBuildConfiguration;
			buildSettings = {
				ALWAYS_EMBED_SWIFT_STANDARD_LIBRARIES = YES;
				CODE_SIGN_STYLE = Automatic;
				INFOPLIST_FILE = MonckeysUITests/Info.plist;
				LD_RUNPATH_SEARCH_PATHS = (
					"$(inherited)",
					"@executable_path/Frameworks",
					"@loader_path/Frameworks",
				);
				PRODUCT_BUNDLE_IDENTIFIER = com.lilia.MonckeysUITests;
				PRODUCT_NAME = "$(TARGET_NAME)";
				SWIFT_VERSION = 5.0;
				TARGETED_DEVICE_FAMILY = "1,2";
				TEST_TARGET_NAME = Monckeys;
			};
			name = Release;
		};
/* End XCBuildConfiguration section */

/* Begin XCConfigurationList section */
		810EEB6D2682424000508D39 /* Build configuration list for PBXProject "Monckeys" */ = {
			isa = XCConfigurationList;
			buildConfigurations = (
				810EEB9A2682424200508D39 /* Debug */,
				810EEB9B2682424200508D39 /* Release */,
			);
			defaultConfigurationIsVisible = 0;
			defaultConfigurationName = Release;
		};
		810EEB9C2682424200508D39 /* Build configuration list for PBXNativeTarget "Monckeys" */ = {
			isa = XCConfigurationList;
			buildConfigurations = (
				810EEB9D2682424200508D39 /* Debug */,
				810EEB9E2682424200508D39 /* Release */,
			);
			defaultConfigurationIsVisible = 0;
			defaultConfigurationName = Release;
		};
		810EEB9F2682424200508D39 /* Build configuration list for PBXNativeTarget "MonckeysTests" */ = {
			isa = XCConfigurationList;
			buildConfigurations = (
				810EEBA02682424200508D39 /* Debug */,
				810EEBA12682424200508D39 /* Release */,
			);
			defaultConfigurationIsVisible = 0;
			defaultConfigurationName = Release;
		};
		810EEBA22682424200508D39 /* Build configuration list for PBXNativeTarget "MonckeysUITests" */ = {
			isa = XCConfigurationList;
			buildConfigurations = (
				810EEBA32682424200508D39 /* Debug */,
				810EEBA42682424200508D39 /* Release */,
			);
			defaultConfigurationIsVisible = 0;
			defaultConfigurationName = Release;
		};
/* End XCConfigurationList section */
	};
	rootObject = 810EEB6A2682424000508D39 /* Project object */;
}
